
Microsoft Visual Studio Solution File, Format Version 12.00
# Visual Studio Version 17
VisualStudioVersion = 17.0.32014.148
MinimumVisualStudioVersion = 10.0.40219.1
Project("{9A19103F-16F7-4668-BE54-9A1E7A4F7556}") = "GausBestiary.App", "GausBestiary.App\GausBestiary.App.csproj", "{DD51B7D1-31A4-49D9-9644-4215EF35F61C}"
EndProject
Global
	GlobalSection(SolutionConfigurationPlatforms) = preSolution
		Debug|Any CPU = Debug|Any CPU
		Release|Any CPU = Release|Any CPU
	EndGlobalSection
	GlobalSection(ProjectConfigurationPlatforms) = postSolution
		{DD51B7D1-31A4-49D9-9644-4215EF35F61C}.Debug|Any CPU.ActiveCfg = Debug|Any CPU
		{DD51B7D1-31A4-49D9-9644-4215EF35F61C}.Debug|Any CPU.Build.0 = Debug|Any CPU
		{DD51B7D1-31A4-49D9-9644-4215EF35F61C}.Release|Any CPU.ActiveCfg = Release|Any CPU
		{DD51B7D1-31A4-49D9-9644-4215EF35F61C}.Release|Any CPU.Build.0 = Release|Any CPU
	EndGlobalSection
	GlobalSection(SolutionProperties) = preSolution
		HideSolutionNode = FALSE
	EndGlobalSection
	GlobalSection(ExtensibilityGlobals) = postSolution
		SolutionGuid = {DA97A544-7181-4E12-976D-F33FFFCF2196}
	EndGlobalSection
EndGlobal
