
Microsoft Visual Studio Solution File, Format Version 12.00
# Visual Studio Version 17
VisualStudioVersion = 17.0.32014.148
MinimumVisualStudioVersion = 10.0.40219.1
Project("{FAE04EC0-301F-11D3-BF4B-00C04F79EFBC}") = "GausBestiary.Models", "GausBestiary.Models\GausBestiary.Models.csproj", "{F4B25A39-54B2-4F17-B36A-6245DBEC76B7}"
EndProject
Project("{FAE04EC0-301F-11D3-BF4B-00C04F79EFBC}") = "GausBestiary.AvaloniaApp", "GausBestiary.AvaloniaApp\GausBestiary.AvaloniaApp.csproj", "{21B1DA01-167D-4BFB-8E0A-54A8C228C096}"
EndProject
Global
	GlobalSection(SolutionConfigurationPlatforms) = preSolution
		Debug|Any CPU = Debug|Any CPU
		Release|Any CPU = Release|Any CPU
	EndGlobalSection
	GlobalSection(ProjectConfigurationPlatforms) = postSolution
		{F4B25A39-54B2-4F17-B36A-6245DBEC76B7}.Debug|Any CPU.ActiveCfg = Debug|Any CPU
		{F4B25A39-54B2-4F17-B36A-6245DBEC76B7}.Debug|Any CPU.Build.0 = Debug|Any CPU
		{F4B25A39-54B2-4F17-B36A-6245DBEC76B7}.Release|Any CPU.ActiveCfg = Release|Any CPU
		{F4B25A39-54B2-4F17-B36A-6245DBEC76B7}.Release|Any CPU.Build.0 = Release|Any CPU
		{21B1DA01-167D-4BFB-8E0A-54A8C228C096}.Debug|Any CPU.ActiveCfg = Debug|Any CPU
		{21B1DA01-167D-4BFB-8E0A-54A8C228C096}.Debug|Any CPU.Build.0 = Debug|Any CPU
		{21B1DA01-167D-4BFB-8E0A-54A8C228C096}.Release|Any CPU.ActiveCfg = Release|Any CPU
		{21B1DA01-167D-4BFB-8E0A-54A8C228C096}.Release|Any CPU.Build.0 = Release|Any CPU
	EndGlobalSection
	GlobalSection(SolutionProperties) = preSolution
		HideSolutionNode = FALSE
	EndGlobalSection
	GlobalSection(ExtensibilityGlobals) = postSolution
		SolutionGuid = {DA97A544-7181-4E12-976D-F33FFFCF2196}
	EndGlobalSection
EndGlobal
